
Microsoft Visual Studio Solution File, Format Version 12.00
# Visual Studio Version 16
VisualStudioVersion = 16.0.29609.76
MinimumVisualStudioVersion = 10.0.40219.1
Project("{9A19103F-16F7-4668-BE54-9A1E7A4F7556}") = "TaskIt.Dotnet.Versions", "TaskIt.Dotnet.Versions\TaskIt.Dotnet.Versions.csproj", "{DAC16F4B-56B9-4CAA-A15B-694AF0C4F776}"
EndProject
Project("{9A19103F-16F7-4668-BE54-9A1E7A4F7556}") = "TaskIt.Dotnet.Versions.Test", "TaskIt.Dotnet.Versions.Test\TaskIt.Dotnet.Versions.Test.csproj", "{BCFDFB8F-2E51-4B5C-9AFB-5D5BD10C4B53}"
EndProject
Project("{2150E333-8FDC-42A3-9474-1A3956D46DE8}") = "Solution Items", "Solution Items", "{878367DB-8F97-4071-A65E-BC0B518E7E31}"
	ProjectSection(SolutionItems) = preProject
		Readme.md = Readme.md
	EndProjectSection
EndProject
Global
	GlobalSection(SolutionConfigurationPlatforms) = preSolution
		Debug|Any CPU = Debug|Any CPU
		Release|Any CPU = Release|Any CPU
	EndGlobalSection
	GlobalSection(ProjectConfigurationPlatforms) = postSolution
		{DAC16F4B-56B9-4CAA-A15B-694AF0C4F776}.Debug|Any CPU.ActiveCfg = Debug|Any CPU
		{DAC16F4B-56B9-4CAA-A15B-694AF0C4F776}.Debug|Any CPU.Build.0 = Debug|Any CPU
		{DAC16F4B-56B9-4CAA-A15B-694AF0C4F776}.Release|Any CPU.ActiveCfg = Release|Any CPU
		{DAC16F4B-56B9-4CAA-A15B-694AF0C4F776}.Release|Any CPU.Build.0 = Release|Any CPU
		{BCFDFB8F-2E51-4B5C-9AFB-5D5BD10C4B53}.Debug|Any CPU.ActiveCfg = Debug|Any CPU
		{BCFDFB8F-2E51-4B5C-9AFB-5D5BD10C4B53}.Debug|Any CPU.Build.0 = Debug|Any CPU
		{BCFDFB8F-2E51-4B5C-9AFB-5D5BD10C4B53}.Release|Any CPU.ActiveCfg = Release|Any CPU
		{BCFDFB8F-2E51-4B5C-9AFB-5D5BD10C4B53}.Release|Any CPU.Build.0 = Release|Any CPU
	EndGlobalSection
	GlobalSection(SolutionProperties) = preSolution
		HideSolutionNode = FALSE
	EndGlobalSection
	GlobalSection(ExtensibilityGlobals) = postSolution
		SolutionGuid = {0DA25BE8-ED32-4068-9169-A8823A0F5C26}
	EndGlobalSection
EndGlobal
